{
  "object": {
    "pins": [
      {
        "package": "Chronometer",
        "repositoryURL": "https://github.com/KittyMac/Chronometer.git",
        "state": {
          "branch": null,
          "revision": "35289a90ee0bb4a76f8acd647b773aeacf4d8856",
          "version": "0.1.2"
        }
      },
      {
        "package": "Figurehead",
        "repositoryURL": "https://github.com/KittyMac/Figurehead.git",
        "state": {
          "branch": "main",
          "revision": "e22cfa33485c8030ab056363fbf01bfda4949e9d",
          "version": null
        }
      },
      {
        "package": "Flynn",
        "repositoryURL": "https://github.com/KittyMac/Flynn.git",
        "state": {
          "branch": null,
          "revision": "c58a430d75b7597bf56e05067dee533c98140ea7",
          "version": "0.2.5"
        }
      },
      {
        "package": "Gzip",
        "repositoryURL": "https://github.com/1024jp/GzipSwift.git",
        "state": {
          "branch": "develop",
          "revision": "ae02027cd030c73a9d177f50e612bbd491ebe371",
          "version": null
        }
      },
      {
        "package": "Hitch",
        "repositoryURL": "https://github.com/KittyMac/Hitch.git",
        "state": {
          "branch": null,
          "revision": "4bf2cca39f0b2c1bbed72577b0ce81d67e036033",
          "version": "0.4.26"
        }
      },
      {
        "package": "Picaroon",
        "repositoryURL": "https://github.com/KittyMac/Picaroon.git",
        "state": {
          "branch": null,
          "revision": "5d48f42fa2e4b5e10eccea913bfa9bbae3a19482",
          "version": "0.3.22"
        }
      },
      {
        "package": "Sextant",
        "repositoryURL": "https://github.com/KittyMac/Sextant.git",
        "state": {
          "branch": null,
          "revision": "58c6c0ca016ee743ecc69840b526a3715b145cd7",
          "version": "0.4.9"
        }
      },
      {
        "package": "Spanker",
        "repositoryURL": "https://github.com/KittyMac/Spanker.git",
        "state": {
          "branch": null,
          "revision": "b57e8aef16069f205ac74d5f2b27fa1224824a0c",
          "version": "0.2.19"
        }
      },
      {
        "package": "swift-argument-parser",
        "repositoryURL": "https://github.com/apple/swift-argument-parser",
        "state": {
          "branch": null,
          "revision": "82905286cc3f0fa8adc4674bf49437cab65a8373",
          "version": "1.1.1"
        }
      }
    ]
  },
  "version": 1
}
